
Microsoft Visual Studio Solution File, Format Version 12.00
Project("{FAE04EC0-301F-11D3-BF4B-00C04F79EFBC}") = "dstools", "dstools\dstools.csproj", "{EBA08394-D0EE-4DCF-B0F3-A508230DFCE9}"
EndProject
Global
	GlobalSection(SolutionConfigurationPlatforms) = preSolution
		Debug|Any CPU = Debug|Any CPU
		Release|Any CPU = Release|Any CPU
	EndGlobalSection
	GlobalSection(ProjectConfigurationPlatforms) = postSolution
		{EBA08394-D0EE-4DCF-B0F3-A508230DFCE9}.Debug|Any CPU.ActiveCfg = Debug|Any CPU
		{EBA08394-D0EE-4DCF-B0F3-A508230DFCE9}.Debug|Any CPU.Build.0 = Debug|Any CPU
		{EBA08394-D0EE-4DCF-B0F3-A508230DFCE9}.Release|Any CPU.ActiveCfg = Release|Any CPU
		{EBA08394-D0EE-4DCF-B0F3-A508230DFCE9}.Release|Any CPU.Build.0 = Release|Any CPU
	EndGlobalSection
EndGlobal
